
Microsoft Visual Studio Solution File, Format Version 12.00
# Visual Studio Version 16
VisualStudioVersion = 16.0.30711.63
MinimumVisualStudioVersion = 10.0.40219.1
Project("{FAE04EC0-301F-11D3-BF4B-00C04F79EFBC}") = "Horeko", "src\Horeko\Horeko.csproj", "{5E769BFF-688D-4742-AC7D-576899D65BF8}"
EndProject
Project("{9A19103F-16F7-4668-BE54-9A1E7A4F7556}") = "Horeko.Data", "src\Horeko.Data\Horeko.Data.csproj", "{074D678C-71CD-4489-B07E-A2CAFD304EBD}"
EndProject
Project("{2150E333-8FDC-42A3-9474-1A3956D46DE8}") = "Solution Items", "Solution Items", "{A3CA496A-B9C3-4323-B789-CBF7FB413CCD}"
	ProjectSection(SolutionItems) = preProject
		.editorconfig = .editorconfig
		README.md = README.md
	EndProjectSection
EndProject
Global
	GlobalSection(SolutionConfigurationPlatforms) = preSolution
		Debug|Any CPU = Debug|Any CPU
		Release|Any CPU = Release|Any CPU
	EndGlobalSection
	GlobalSection(ProjectConfigurationPlatforms) = postSolution
		{5E769BFF-688D-4742-AC7D-576899D65BF8}.Debug|Any CPU.ActiveCfg = Debug|Any CPU
		{5E769BFF-688D-4742-AC7D-576899D65BF8}.Debug|Any CPU.Build.0 = Debug|Any CPU
		{5E769BFF-688D-4742-AC7D-576899D65BF8}.Release|Any CPU.ActiveCfg = Release|Any CPU
		{5E769BFF-688D-4742-AC7D-576899D65BF8}.Release|Any CPU.Build.0 = Release|Any CPU
		{074D678C-71CD-4489-B07E-A2CAFD304EBD}.Debug|Any CPU.ActiveCfg = Debug|Any CPU
		{074D678C-71CD-4489-B07E-A2CAFD304EBD}.Debug|Any CPU.Build.0 = Debug|Any CPU
		{074D678C-71CD-4489-B07E-A2CAFD304EBD}.Release|Any CPU.ActiveCfg = Release|Any CPU
		{074D678C-71CD-4489-B07E-A2CAFD304EBD}.Release|Any CPU.Build.0 = Release|Any CPU
	EndGlobalSection
	GlobalSection(SolutionProperties) = preSolution
		HideSolutionNode = FALSE
	EndGlobalSection
	GlobalSection(ExtensibilityGlobals) = postSolution
		SolutionGuid = {B02A20D7-4AC0-4A95-9646-A9862D23239A}
	EndGlobalSection
EndGlobal
